
Microsoft Visual Studio Solution File, Format Version 12.00
# Visual Studio Version 16
VisualStudioVersion = 16.0.28803.452
MinimumVisualStudioVersion = 10.0.40219.1
Project("{FAE04EC0-301F-11D3-BF4B-00C04F79EFBC}") = "estruturasequencial4", "estruturasequencial4\estruturasequencial4.csproj", "{B2813D58-4A53-47E6-BCF9-ADDACD6FF135}"
EndProject
Global
	GlobalSection(SolutionConfigurationPlatforms) = preSolution
		Debug|Any CPU = Debug|Any CPU
		Release|Any CPU = Release|Any CPU
	EndGlobalSection
	GlobalSection(ProjectConfigurationPlatforms) = postSolution
		{B2813D58-4A53-47E6-BCF9-ADDACD6FF135}.Debug|Any CPU.ActiveCfg = Debug|Any CPU
		{B2813D58-4A53-47E6-BCF9-ADDACD6FF135}.Debug|Any CPU.Build.0 = Debug|Any CPU
		{B2813D58-4A53-47E6-BCF9-ADDACD6FF135}.Release|Any CPU.ActiveCfg = Release|Any CPU
		{B2813D58-4A53-47E6-BCF9-ADDACD6FF135}.Release|Any CPU.Build.0 = Release|Any CPU
	EndGlobalSection
	GlobalSection(SolutionProperties) = preSolution
		HideSolutionNode = FALSE
	EndGlobalSection
	GlobalSection(ExtensibilityGlobals) = postSolution
		SolutionGuid = {E6075317-992E-455C-9EB4-6B4D9019D052}
	EndGlobalSection
EndGlobal
