
Microsoft Visual Studio Solution File, Format Version 12.00
# Visual Studio Version 16
VisualStudioVersion = 16.0.28803.452
MinimumVisualStudioVersion = 10.0.40219.1
Project("{FAE04EC0-301F-11D3-BF4B-00C04F79EFBC}") = "Produto", "Produto\Produto.csproj", "{7E57DFD7-0F96-42C3-AC8D-DCE1A933DCB4}"
EndProject
Global
	GlobalSection(SolutionConfigurationPlatforms) = preSolution
		Debug|Any CPU = Debug|Any CPU
		Release|Any CPU = Release|Any CPU
	EndGlobalSection
	GlobalSection(ProjectConfigurationPlatforms) = postSolution
		{7E57DFD7-0F96-42C3-AC8D-DCE1A933DCB4}.Debug|Any CPU.ActiveCfg = Debug|Any CPU
		{7E57DFD7-0F96-42C3-AC8D-DCE1A933DCB4}.Debug|Any CPU.Build.0 = Debug|Any CPU
		{7E57DFD7-0F96-42C3-AC8D-DCE1A933DCB4}.Release|Any CPU.ActiveCfg = Release|Any CPU
		{7E57DFD7-0F96-42C3-AC8D-DCE1A933DCB4}.Release|Any CPU.Build.0 = Release|Any CPU
	EndGlobalSection
	GlobalSection(SolutionProperties) = preSolution
		HideSolutionNode = FALSE
	EndGlobalSection
	GlobalSection(ExtensibilityGlobals) = postSolution
		SolutionGuid = {52AF4BCD-C637-4F57-BE33-589BA83F5A48}
	EndGlobalSection
EndGlobal
